PODS:
  - AppAuth (1.6.2):
    - AppAuth/Core (= 1.6.2)
    - AppAuth/ExternalUserAgent (= 1.6.2)
  - AppAuth/Core (1.6.2)
  - AppAuth/ExternalUserAgent (1.6.2):
    - AppAuth/Core
  - FBAEMKit (14.1.0):
    - FBSDKCoreKit_Basics (= 14.1.0)
  - FBSDKCoreKit (14.1.0):
    - FBAEMKit (= 14.1.0)
    - FBSDKCoreKit_Basics (= 14.1.0)
  - FBSDKCoreKit_Basics (14.1.0)
  - FBSDKLoginKit (14.1.0):
    - FBSDKCoreKit (= 14.1.0)
  - Gamebase (2.59.1):
    - NHNCloudCommon (= 1.6.2)
    - NHNCloudCore (= 1.6.2)
    - NHNCloudLogger (= 1.6.2)
  - GamebaseAuthAppleidAdapter (2.59.1):
    - Gamebase (~> 2.59.1)
  - GamebaseAuthExternalLineSDK (5.8.2)
  - GamebaseAuthExternalPaycoIDSDK (1.5.9)
  - GamebaseAuthExternalWeiboSDK (3.3.7)
  - GamebaseAuthFacebookAdapter (2.59.1):
    - FBAEMKit (~> 14.1.0)
    - FBSDKCoreKit (~> 14.1.0)
    - FBSDKCoreKit_Basics (~> 14.1.0)
    - FBSDKLoginKit (~> 14.1.0)
    - Gamebase (~> 2.59.1)
  - GamebaseAuthGamecenterAdapter (2.59.1):
    - Gamebase (~> 2.59.1)
  - GamebaseAuthGoogleAdapter (2.59.1):
    - Gamebase (~> 2.59.1)
    - GoogleSignIn (~> 7.0.0)
  - GamebaseAuthKakaogameAdapter (2.59.1):
    - Gamebase (~> 2.59.1)
    - KakaoGameSDK/KakaoGameKakao (= 3.17.5)
  - GamebaseAuthLineAdapter (2.59.1):
    - Gamebase (~> 2.59.1)
    - GamebaseAuthExternalLineSDK (= 5.8.2)
  - GamebaseAuthNaverAdapter (2.59.1):
    - Gamebase (~> 2.59.1)
    - naveridlogin-sdk-ios (= 4.2.0)
  - GamebaseAuthPaycoAdapter (2.59.1):
    - Gamebase (~> 2.59.1)
    - GamebaseAuthExternalPaycoIDSDK (= 1.5.9)
  - GamebaseAuthTwitterAdapter (2.59.1):
    - Gamebase (~> 2.59.1)
  - GamebaseAuthWeiboAdapter (2.59.1):
    - Gamebase (~> 2.59.1)
    - GamebaseAuthExternalWeiboSDK (~> 3.3.4)
  - GamebasePurchaseIAPAdapter (2.59.1):
    - Gamebase (~> 2.59.1)
    - NHNCloudCore (= 1.6.2)
    - NHNCloudIAP (= 1.6.2)
  - GamebasePushAdapter (2.59.1):
    - Gamebase (~> 2.59.1)
    - NHNCloudCore (= 1.6.2)
    - NHNCloudPush (= 1.6.2)
  - GoogleSignIn (7.0.0):
    - AppAuth (~> 1.5)
    - GTMAppAuth (< 3.0, >= 1.3)
    - GTMSessionFetcher/Core (< 4.0, >= 1.1)
  - GTMAppAuth (2.0.0):
    - AppAuth/Core (~> 1.6)
    - GTMSessionFetcher/Core (< 4.0, >= 1.5)
  - GTMSessionFetcher/Core (3.2.0)
  - KakaoGameSDK/KakaoGame (3.17.5)
  - KakaoGameSDK/KakaoGameKakao (3.17.5):
    - KakaoGameSDK/KakaoGame
  - MBProgressHUD (1.2.0)
  - naveridlogin-sdk-ios (4.2.0)
  - NHNCloudCommon (1.6.2)
  - NHNCloudCore (1.6.2):
    - NHNCloudCommon (= 1.6.2)
  - NHNCloudIAP (1.6.2):
    - NHNCloudCore (= 1.6.2)
  - NHNCloudLogger (1.6.2):
    - NHNCloudCore (= 1.6.2)
    - NHNCloudSymbolUploader (= 0.0.2)
  - NHNCloudPush (1.6.2):
    - NHNCloudCore (= 1.6.2)
  - NHNCloudSymbolUploader (0.0.2)
  - QuickTableViewController (1.3.1)
  - RxCocoa (6.5.0):
    - RxRelay (= 6.5.0)
    - RxSwift (= 6.5.0)
  - RxRelay (6.5.0):
    - RxSwift (= 6.5.0)
  - RxSwift (6.5.0)
  - SideMenu (6.5.0)
  - SnapKit (5.6.0)

DEPENDENCIES:
  - Gamebase (= 2.59.1)
  - GamebaseAuthAppleidAdapter (= 2.59.1)
  - GamebaseAuthFacebookAdapter (= 2.59.1)
  - GamebaseAuthGamecenterAdapter (= 2.59.1)
  - GamebaseAuthGoogleAdapter (= 2.59.1)
  - GamebaseAuthKakaogameAdapter (= 2.59.1)
  - GamebaseAuthLineAdapter (= 2.59.1)
  - GamebaseAuthNaverAdapter (= 2.59.1)
  - GamebaseAuthPaycoAdapter (= 2.59.1)
  - GamebaseAuthTwitterAdapter (= 2.59.1)
  - GamebaseAuthWeiboAdapter (= 2.59.1)
  - GamebasePurchaseIAPAdapter (= 2.59.1)
  - GamebasePushAdapter (= 2.59.1)
  - MBProgressHUD (= 1.2.0)
  - QuickTableViewController (= 1.3.1)
  - RxCocoa (= 6.5.0)
  - RxSwift (= 6.5.0)
  - SideMenu (= 6.5.0)
  - SnapKit (= 5.6.0)

SPEC REPOS:
  trunk:
    - AppAuth
    - FBAEMKit
    - FBSDKCoreKit
    - FBSDKCoreKit_Basics
    - FBSDKLoginKit
    - Gamebase
    - GamebaseAuthAppleidAdapter
    - GamebaseAuthExternalLineSDK
    - GamebaseAuthExternalPaycoIDSDK
    - GamebaseAuthExternalWeiboSDK
    - GamebaseAuthFacebookAdapter
    - GamebaseAuthGamecenterAdapter
    - GamebaseAuthGoogleAdapter
    - GamebaseAuthKakaogameAdapter
    - GamebaseAuthLineAdapter
    - GamebaseAuthNaverAdapter
    - GamebaseAuthPaycoAdapter
    - GamebaseAuthTwitterAdapter
    - GamebaseAuthWeiboAdapter
    - GamebasePurchaseIAPAdapter
    - GamebasePushAdapter
    - GoogleSignIn
    - GTMAppAuth
    - GTMSessionFetcher
    - KakaoGameSDK
    - MBProgressHUD
    - naveridlogin-sdk-ios
    - NHNCloudCommon
    - NHNCloudCore
    - NHNCloudIAP
    - NHNCloudLogger
    - NHNCloudPush
    - NHNCloudSymbolUploader
    - QuickTableViewController
    - RxCocoa
    - RxRelay
    - RxSwift
    - SideMenu
    - SnapKit

SPEC CHECKSUMS:
  AppAuth: 3bb1d1cd9340bd09f5ed189fb00b1cc28e1e8570
  FBAEMKit: a899515e45476027f73aef377b5cffadcd56ca3a
  FBSDKCoreKit: 24f8bc8d3b5b2a8c5c656a1329492a12e8efa792
  FBSDKCoreKit_Basics: 6e578c9bdc7aa1365dbbbde633c9ebb536bcaa98
  FBSDKLoginKit: 787de205d524c3a4b17d527916f1d066e4361660
  Gamebase: 23093c69b965e29d166f76695f9c525dcfbddcee
  GamebaseAuthAppleidAdapter: 053a050395a56cc04c7b7efa22c0bad1add02ade
  GamebaseAuthExternalLineSDK: 9feaee686dd17bea4b89ea719a547936debb040b
  GamebaseAuthExternalPaycoIDSDK: 9969f3f406c740fdf0959aabc2d86834ca718617
  GamebaseAuthExternalWeiboSDK: edaa33def1c7943ef9748e44de1a808d08f21c2b
  GamebaseAuthFacebookAdapter: 9205070a00a0b1312801903f8a5f14e062947b37
  GamebaseAuthGamecenterAdapter: 60048b5663d295516fe22aa5295a8f20050532c0
  GamebaseAuthGoogleAdapter: fe2c0963aa618af1d8bdf9b1a230bfdd113257b7
  GamebaseAuthKakaogameAdapter: 4829e7b7dba530753e7493fd2444b7703f4204b3
  GamebaseAuthLineAdapter: 1c1fb99c50ad26363b24fa7f276d9f7caf34602b
  GamebaseAuthNaverAdapter: ad599baaa6929c137fbb3996b42f8639bb49ac28
  GamebaseAuthPaycoAdapter: bd71cde415e9319a4ef053f9e68185dee55a2041
  GamebaseAuthTwitterAdapter: a0298af6e4664ccef8b5eaa1ca62e29dd08c1289
  GamebaseAuthWeiboAdapter: 4488629ed4bde8e853fad06db844962933e7620b
  GamebasePurchaseIAPAdapter: 5a5339700f133c82c815fdb78d0de09703c7c5d9
  GamebasePushAdapter: 9f0e3950ebaa28511955932554f29ff289d3818a
  GoogleSignIn: b232380cf495a429b8095d3178a8d5855b42e842
  GTMAppAuth: 99fb010047ba3973b7026e45393f51f27ab965ae
  GTMSessionFetcher: 41b9ef0b4c08a6db4b7eb51a21ae5183ec99a2c8
  KakaoGameSDK: 224e195789cb4c9e52b6275df81108b1d3836c10
  MBProgressHUD: 3ee5efcc380f6a79a7cc9b363dd669c5e1ae7406
  naveridlogin-sdk-ios: 03fa42741249ab10b804f6b2574b56b6d89045ba
  NHNCloudCommon: 5cd165217b071a663211ade78725ab6fb0419efc
  NHNCloudCore: 6ed3b890eb9e6dd74545d7e343ecdc6dda9acb6d
  NHNCloudIAP: b969a4d267826bff9e5a64978af17592354bdaff
  NHNCloudLogger: 58abe6388bda386dc74a8b6e0237d463a290a7ca
  NHNCloudPush: bf9aaa400043b9cc10da0906b349b7d05a366304
  NHNCloudSymbolUploader: e28c537ac7bb4165015341d352f0234372e2e015
  QuickTableViewController: 25e698de1546c2b829c543d91b64ebc6e884acfc
  RxCocoa: 94f817b71c07517321eb4f9ad299112ca8af743b
  RxRelay: 1de1523e604c72b6c68feadedd1af3b1b4d0ecbd
  RxSwift: 5710a9e6b17f3c3d6e40d6e559b9fa1e813b2ef8
  SideMenu: f583187d21c5b1dd04c72002be544b555a2627a2
  SnapKit: e01d52ebb8ddbc333eefe2132acf85c8227d9c25

PODFILE CHECKSUM: 053952aaf41f934ac100b03e3d950c5d1e1d09d0

COCOAPODS: 1.14.2
