PODS:
  - AppAuth (1.7.5):
    - AppAuth/Core (= 1.7.5)
    - AppAuth/ExternalUserAgent (= 1.7.5)
  - AppAuth/Core (1.7.5)
  - AppAuth/ExternalUserAgent (1.7.5):
    - AppAuth/Core
  - FBAEMKit (17.0.2):
    - FBSDKCoreKit_Basics (= 17.0.2)
  - FBSDKCoreKit (17.0.2):
    - FBAEMKit (= 17.0.2)
    - FBSDKCoreKit_Basics (= 17.0.2)
  - FBSDKCoreKit_Basics (17.0.2)
  - FBSDKLoginKit (17.0.2):
    - FBSDKCoreKit (= 17.0.2)
  - Gamebase (2.66.3):
    - NHNCloudCommon (= 1.8.4)
    - NHNCloudCore (= 1.8.4)
    - NHNCloudLogger (= 1.8.4)
  - GamebaseAuthAppleidAdapter (2.66.3):
    - Gamebase (~> 2.66.3)
  - GamebaseAuthExternalLineSDK (5.11.0)
  - GamebaseAuthExternalPaycoIDSDK (1.5.11)
  - GamebaseAuthExternalWeiboSDK (3.3.8.1)
  - GamebaseAuthFacebookAdapter (2.66.3):
    - FBAEMKit (= 17.0.2)
    - FBSDKCoreKit (= 17.0.2)
    - FBSDKCoreKit_Basics (= 17.0.2)
    - FBSDKLoginKit (= 17.0.2)
    - Gamebase (~> 2.66.3)
  - GamebaseAuthGamecenterAdapter (2.66.3):
    - Gamebase (~> 2.66.3)
  - GamebaseAuthGoogleAdapter (2.66.3):
    - Gamebase (~> 2.66.3)
    - GoogleSignIn (~> 7.1.0)
  - GamebaseAuthKakaogameAdapter (2.66.3):
    - Gamebase (~> 2.66.3)
    - KakaoGameSDK/KakaoGameKakao (= 3.19.0)
  - GamebaseAuthLineAdapter (2.66.3):
    - Gamebase (~> 2.66.3)
    - GamebaseAuthExternalLineSDK (= 5.11.0)
  - GamebaseAuthNaverAdapter (2.66.3):
    - Gamebase (~> 2.66.3)
    - naveridlogin-sdk-ios (= 4.2.1)
  - GamebaseAuthPaycoAdapter (2.66.3):
    - Gamebase (~> 2.66.3)
    - GamebaseAuthExternalPaycoIDSDK (= 1.5.11)
  - GamebaseAuthTwitterAdapter (2.66.3):
    - Gamebase (~> 2.66.3)
  - GamebaseAuthWeiboAdapter (2.66.3):
    - Gamebase (~> 2.66.3)
    - GamebaseAuthExternalWeiboSDK (= 3.3.8.1)
  - GamebasePurchaseIAPAdapter (2.66.3):
    - Gamebase (~> 2.66.3)
    - NHNCloudCore (= 1.8.4)
    - NHNCloudIAP (= 1.8.4)
  - GamebasePushAdapter (2.66.3):
    - Gamebase (~> 2.66.3)
    - NHNCloudCore (= 1.8.4)
    - NHNCloudPush (= 1.8.4)
  - GoogleSignIn (7.1.0):
    - AppAuth (< 2.0, >= 1.7.3)
    - GTMAppAuth (< 5.0, >= 4.1.1)
    - GTMSessionFetcher/Core (~> 3.3)
  - GTMAppAuth (4.1.1):
    - AppAuth/Core (~> 1.7)
    - GTMSessionFetcher/Core (< 4.0, >= 3.3)
  - GTMSessionFetcher/Core (3.5.0)
  - KakaoGameSDK/KakaoGame (3.19.0)
  - KakaoGameSDK/KakaoGameKakao (3.19.0):
    - KakaoGameSDK/KakaoGame
  - MBProgressHUD (1.2.0)
  - naveridlogin-sdk-ios (4.2.1)
  - NHNCloudCommon (1.8.4)
  - NHNCloudCore (1.8.4):
    - NHNCloudCommon (= 1.8.4)
  - NHNCloudIAP (1.8.4):
    - NHNCloudCore (= 1.8.4)
  - NHNCloudLogger (1.8.4):
    - NHNCloudCore (= 1.8.4)
    - NHNCloudSymbolUploader (= 0.0.4)
  - NHNCloudPush (1.8.4):
    - NHNCloudCore (= 1.8.4)
  - NHNCloudSymbolUploader (0.0.4)
  - QuickTableViewController (1.3.1)
  - RxCocoa (6.5.0):
    - RxRelay (= 6.5.0)
    - RxSwift (= 6.5.0)
  - RxRelay (6.5.0):
    - RxSwift (= 6.5.0)
  - RxSwift (6.5.0)
  - SideMenu (6.5.0)
  - SnapKit (5.6.0)

DEPENDENCIES:
  - Gamebase (= 2.66.3)
  - GamebaseAuthAppleidAdapter (= 2.66.3)
  - GamebaseAuthFacebookAdapter (= 2.66.3)
  - GamebaseAuthGamecenterAdapter (= 2.66.3)
  - GamebaseAuthGoogleAdapter (= 2.66.3)
  - GamebaseAuthKakaogameAdapter (= 2.66.3)
  - GamebaseAuthLineAdapter (= 2.66.3)
  - GamebaseAuthNaverAdapter (= 2.66.3)
  - GamebaseAuthPaycoAdapter (= 2.66.3)
  - GamebaseAuthTwitterAdapter (= 2.66.3)
  - GamebaseAuthWeiboAdapter (= 2.66.3)
  - GamebasePurchaseIAPAdapter (= 2.66.3)
  - GamebasePushAdapter (= 2.66.3)
  - MBProgressHUD (= 1.2.0)
  - NHNCloudCommon
  - NHNCloudCore
  - NHNCloudPush
  - QuickTableViewController (= 1.3.1)
  - RxCocoa (= 6.5.0)
  - RxSwift (= 6.5.0)
  - SideMenu (= 6.5.0)
  - SnapKit (= 5.6.0)

SPEC REPOS:
  https://github.com/CocoaPods/Specs.git:
    - AppAuth
    - FBAEMKit
    - FBSDKCoreKit
    - FBSDKCoreKit_Basics
    - FBSDKLoginKit
    - Gamebase
    - GamebaseAuthAppleidAdapter
    - GamebaseAuthExternalLineSDK
    - GamebaseAuthExternalPaycoIDSDK
    - GamebaseAuthExternalWeiboSDK
    - GamebaseAuthFacebookAdapter
    - GamebaseAuthGamecenterAdapter
    - GamebaseAuthGoogleAdapter
    - GamebaseAuthKakaogameAdapter
    - GamebaseAuthLineAdapter
    - GamebaseAuthNaverAdapter
    - GamebaseAuthPaycoAdapter
    - GamebaseAuthTwitterAdapter
    - GamebaseAuthWeiboAdapter
    - GamebasePurchaseIAPAdapter
    - GamebasePushAdapter
    - GoogleSignIn
    - GTMAppAuth
    - GTMSessionFetcher
    - KakaoGameSDK
    - MBProgressHUD
    - naveridlogin-sdk-ios
    - NHNCloudCommon
    - NHNCloudCore
    - NHNCloudIAP
    - NHNCloudLogger
    - NHNCloudPush
    - NHNCloudSymbolUploader
    - QuickTableViewController
    - RxCocoa
    - RxRelay
    - RxSwift
    - SideMenu
    - SnapKit

SPEC CHECKSUMS:
  AppAuth: 501c04eda8a8d11f179dbe8637b7a91bb7e5d2fa
  FBAEMKit: 619f96ea65427e8afca240d5b0f4703738dfdf5c
  FBSDKCoreKit: a5f384db2e9ee84e98494fed8f983d2bd79accff
  FBSDKCoreKit_Basics: d35c775aaf243a2d731dfae7be3a74b1987285ab
  FBSDKLoginKit: f8ca5f7ab7c4e5b93e729d94975b0db7fcc511ed
  Gamebase: 68aa96c2107e772228f75e8a9088e7307d64318a
  GamebaseAuthAppleidAdapter: 50a5e1866caf8f1e6db144c9f687b6c81d7eb1a4
  GamebaseAuthExternalLineSDK: e8bc016680ed98456b51d66f6abef33e42fcbb4a
  GamebaseAuthExternalPaycoIDSDK: 75faccff8f0747e7ab3f573763e73d298ec16057
  GamebaseAuthExternalWeiboSDK: 1951d5720913f0c03a3f1cfb14dc759e2ba1daf9
  GamebaseAuthFacebookAdapter: 580be34b517c8ce85efaae6d167880c43b0bb2a3
  GamebaseAuthGamecenterAdapter: d61635bf0c76e4fe5d73beded39590611509cd5e
  GamebaseAuthGoogleAdapter: dd8bce9a7d3a7801c28c8f3683d5af5f8f8385f4
  GamebaseAuthKakaogameAdapter: f11b75e3c64fa2248a7af95d42a32749614d343a
  GamebaseAuthLineAdapter: d221b176c96a342c2d9b39933ee70e7cc993bdff
  GamebaseAuthNaverAdapter: 83af7e41523dd1303589388fa1af12c947d353b6
  GamebaseAuthPaycoAdapter: e23fbb837a346530b52aad6c992377b54d02cc8f
  GamebaseAuthTwitterAdapter: ce86571b088b2b1c31e68c9c3e32f60460804e02
  GamebaseAuthWeiboAdapter: 4b9a29cf51dc8c9fa5476bc975fe6a522dea54c3
  GamebasePurchaseIAPAdapter: 04d9ad8f729052249275fcbc6b7c7d5fd48d8836
  GamebasePushAdapter: 829119e4daf80fd9454c0e65ddc898be3974ad9e
  GoogleSignIn: d4281ab6cf21542b1cfaff85c191f230b399d2db
  GTMAppAuth: f69bd07d68cd3b766125f7e072c45d7340dea0de
  GTMSessionFetcher: 5aea5ba6bd522a239e236100971f10cb71b96ab6
  KakaoGameSDK: 8fc7f95e69bc166f199a58f32b374bde08712f75
  MBProgressHUD: 3ee5efcc380f6a79a7cc9b363dd669c5e1ae7406
  naveridlogin-sdk-ios: d5f9d92905a7e964976ebfdd665bee5fb75845c5
  NHNCloudCommon: 938965679a8a751b08f7451e220fd9f2cae9eda3
  NHNCloudCore: 389854c11d793b07ea83edafa9ba26317ee4fca2
  NHNCloudIAP: 7bf733a80a437d6c03a97f351e934f2303023dfe
  NHNCloudLogger: 130a3c32c71f7d556c5dba575b68af02f1dabaac
  NHNCloudPush: 876b34aa9c5fddf45a19ca8302753883a3e68e96
  NHNCloudSymbolUploader: 3b8f92986845d949bf44a003b1372523b099838e
  QuickTableViewController: 25e698de1546c2b829c543d91b64ebc6e884acfc
  RxCocoa: 94f817b71c07517321eb4f9ad299112ca8af743b
  RxRelay: 1de1523e604c72b6c68feadedd1af3b1b4d0ecbd
  RxSwift: 5710a9e6b17f3c3d6e40d6e559b9fa1e813b2ef8
  SideMenu: f583187d21c5b1dd04c72002be544b555a2627a2
  SnapKit: e01d52ebb8ddbc333eefe2132acf85c8227d9c25

PODFILE CHECKSUM: 9e438bd38b169fcb159f4077ed881aafe3019a51

COCOAPODS: 1.15.2
